
Microsoft Visual Studio Solution File, Format Version 12.00
# Visual Studio Version 17
VisualStudioVersion = 17.8.34525.116
MinimumVisualStudioVersion = 10.0.40219.1
Project("{FAE04EC0-301F-11D3-BF4B-00C04F79EFBC}") = "GetSet", "GetSet\GetSet.csproj", "{973FBE75-25A0-47AE-AE46-12DFCD4C63CE}"
EndProject
Global
	GlobalSection(SolutionConfigurationPlatforms) = preSolution
		Debug|Any CPU = Debug|Any CPU
		Release|Any CPU = Release|Any CPU
	EndGlobalSection
	GlobalSection(ProjectConfigurationPlatforms) = postSolution
		{973FBE75-25A0-47AE-AE46-12DFCD4C63CE}.Debug|Any CPU.ActiveCfg = Debug|Any CPU
		{973FBE75-25A0-47AE-AE46-12DFCD4C63CE}.Debug|Any CPU.Build.0 = Debug|Any CPU
		{973FBE75-25A0-47AE-AE46-12DFCD4C63CE}.Release|Any CPU.ActiveCfg = Release|Any CPU
		{973FBE75-25A0-47AE-AE46-12DFCD4C63CE}.Release|Any CPU.Build.0 = Release|Any CPU
	EndGlobalSection
	GlobalSection(SolutionProperties) = preSolution
		HideSolutionNode = FALSE
	EndGlobalSection
	GlobalSection(ExtensibilityGlobals) = postSolution
		SolutionGuid = {F3B17EA1-D469-4BE8-9C44-2DFC3A1FB0EF}
	EndGlobalSection
EndGlobal
